
Microsoft Visual Studio Solution File, Format Version 12.00
# Visual Studio Version 17
VisualStudioVersion = 17.10.35122.118
MinimumVisualStudioVersion = 10.0.40219.1
Project("{FAE04EC0-301F-11D3-BF4B-00C04F79EFBC}") = "Aplicación Broma", "Aplicación Broma\Aplicación Broma.csproj", "{272D53BD-897A-49F6-9233-FD9F1158A0D5}"
EndProject
Global
	GlobalSection(SolutionConfigurationPlatforms) = preSolution
		Debug|Any CPU = Debug|Any CPU
		Release|Any CPU = Release|Any CPU
	EndGlobalSection
	GlobalSection(ProjectConfigurationPlatforms) = postSolution
		{272D53BD-897A-49F6-9233-FD9F1158A0D5}.Debug|Any CPU.ActiveCfg = Debug|Any CPU
		{272D53BD-897A-49F6-9233-FD9F1158A0D5}.Debug|Any CPU.Build.0 = Debug|Any CPU
		{272D53BD-897A-49F6-9233-FD9F1158A0D5}.Release|Any CPU.ActiveCfg = Release|Any CPU
		{272D53BD-897A-49F6-9233-FD9F1158A0D5}.Release|Any CPU.Build.0 = Release|Any CPU
	EndGlobalSection
	GlobalSection(SolutionProperties) = preSolution
		HideSolutionNode = FALSE
	EndGlobalSection
	GlobalSection(ExtensibilityGlobals) = postSolution
		SolutionGuid = {94717AC4-3E3E-478C-B4BE-EA0FB7116A90}
	EndGlobalSection
EndGlobal
